
Microsoft Visual Studio Solution File, Format Version 12.00
# Visual Studio Version 16
VisualStudioVersion = 16.0.30907.101
MinimumVisualStudioVersion = 10.0.40219.1
Project("{FAE04EC0-301F-11D3-BF4B-00C04F79EFBC}") = "WPF_01_Intro", "WPF_Intro\WPF_01_Intro.csproj", "{D02A6632-E339-4796-AECF-3E4A39F16E27}"
EndProject
Project("{FAE04EC0-301F-11D3-BF4B-00C04F79EFBC}") = "WPF_02_Basics", "WPF_Basics\WPF_02_Basics.csproj", "{99CE593E-5617-4A7A-884E-9C3A5AE2326B}"
EndProject
Project("{FAE04EC0-301F-11D3-BF4B-00C04F79EFBC}") = "WPF_03_StackPanel_ListBox_VL_Tree", "WPF_StackPanel_ListBox_VL_Tree\WPF_03_StackPanel_ListBox_VL_Tree.csproj", "{F246D7A4-3F0C-4D51-98E4-C8BD14C07844}"
EndProject
Project("{FAE04EC0-301F-11D3-BF4B-00C04F79EFBC}") = "WPF_04_Direct_Bubbling_Tunneling", "WPF_04_Direct_Bubbling_Tunneling\WPF_04_Direct_Bubbling_Tunneling.csproj", "{05774FCE-32CF-4A55-A86B-7B9451F018DF}"
EndProject
Global
	GlobalSection(SolutionConfigurationPlatforms) = preSolution
		Debug|Any CPU = Debug|Any CPU
		Release|Any CPU = Release|Any CPU
	EndGlobalSection
	GlobalSection(ProjectConfigurationPlatforms) = postSolution
		{D02A6632-E339-4796-AECF-3E4A39F16E27}.Debug|Any CPU.ActiveCfg = Debug|Any CPU
		{D02A6632-E339-4796-AECF-3E4A39F16E27}.Debug|Any CPU.Build.0 = Debug|Any CPU
		{D02A6632-E339-4796-AECF-3E4A39F16E27}.Release|Any CPU.ActiveCfg = Release|Any CPU
		{D02A6632-E339-4796-AECF-3E4A39F16E27}.Release|Any CPU.Build.0 = Release|Any CPU
		{99CE593E-5617-4A7A-884E-9C3A5AE2326B}.Debug|Any CPU.ActiveCfg = Debug|Any CPU
		{99CE593E-5617-4A7A-884E-9C3A5AE2326B}.Debug|Any CPU.Build.0 = Debug|Any CPU
		{99CE593E-5617-4A7A-884E-9C3A5AE2326B}.Release|Any CPU.ActiveCfg = Release|Any CPU
		{99CE593E-5617-4A7A-884E-9C3A5AE2326B}.Release|Any CPU.Build.0 = Release|Any CPU
		{F246D7A4-3F0C-4D51-98E4-C8BD14C07844}.Debug|Any CPU.ActiveCfg = Debug|Any CPU
		{F246D7A4-3F0C-4D51-98E4-C8BD14C07844}.Debug|Any CPU.Build.0 = Debug|Any CPU
		{F246D7A4-3F0C-4D51-98E4-C8BD14C07844}.Release|Any CPU.ActiveCfg = Release|Any CPU
		{F246D7A4-3F0C-4D51-98E4-C8BD14C07844}.Release|Any CPU.Build.0 = Release|Any CPU
		{05774FCE-32CF-4A55-A86B-7B9451F018DF}.Debug|Any CPU.ActiveCfg = Debug|Any CPU
		{05774FCE-32CF-4A55-A86B-7B9451F018DF}.Debug|Any CPU.Build.0 = Debug|Any CPU
		{05774FCE-32CF-4A55-A86B-7B9451F018DF}.Release|Any CPU.ActiveCfg = Release|Any CPU
		{05774FCE-32CF-4A55-A86B-7B9451F018DF}.Release|Any CPU.Build.0 = Release|Any CPU
	EndGlobalSection
	GlobalSection(SolutionProperties) = preSolution
		HideSolutionNode = FALSE
	EndGlobalSection
	GlobalSection(ExtensibilityGlobals) = postSolution
		SolutionGuid = {F785BC3D-2F09-4CD4-B3AB-C129900D3585}
	EndGlobalSection
EndGlobal
