
Microsoft Visual Studio Solution File, Format Version 12.00
# Visual Studio Version 16
VisualStudioVersion = 16.0.30907.101
MinimumVisualStudioVersion = 10.0.40219.1
Project("{FAE04EC0-301F-11D3-BF4B-00C04F79EFBC}") = "WPF_01_Intro", "WPF_Intro\WPF_01_Intro.csproj", "{D02A6632-E339-4796-AECF-3E4A39F16E27}"
EndProject
Project("{FAE04EC0-301F-11D3-BF4B-00C04F79EFBC}") = "WPF_02_Basics", "WPF_Basics\WPF_02_Basics.csproj", "{99CE593E-5617-4A7A-884E-9C3A5AE2326B}"
EndProject
Project("{FAE04EC0-301F-11D3-BF4B-00C04F79EFBC}") = "WPF_03_StackPanel_ListBox_VL_Tree", "WPF_StackPanel_ListBox_VL_Tree\WPF_03_StackPanel_ListBox_VL_Tree.csproj", "{F246D7A4-3F0C-4D51-98E4-C8BD14C07844}"
EndProject
Project("{FAE04EC0-301F-11D3-BF4B-00C04F79EFBC}") = "WPF_04_Direct_Bubbling_Tunneling", "WPF_04_Direct_Bubbling_Tunneling\WPF_04_Direct_Bubbling_Tunneling.csproj", "{05774FCE-32CF-4A55-A86B-7B9451F018DF}"
EndProject
Project("{FAE04EC0-301F-11D3-BF4B-00C04F79EFBC}") = "WPF_05_Grid", "WPF_05_Grid\WPF_05_Grid.csproj", "{2957293F-7680-4755-938C-43ECAD7E0B47}"
EndProject
Project("{FAE04EC0-301F-11D3-BF4B-00C04F79EFBC}") = "WPF_06_Dependency_Properties", "WPF_06_Dependency_Properties\WPF_06_Dependency_Properties.csproj", "{1F8683FC-B7C8-4189-A50B-68C53F8F8F8F}"
EndProject
Project("{FAE04EC0-301F-11D3-BF4B-00C04F79EFBC}") = "WPF_07_Data_Binding", "WPF_07_Data_Binding\WPF_07_Data_Binding.csproj", "{0386F1BC-9BB8-43D7-B774-4D792D3082C3}"
EndProject
Project("{FAE04EC0-301F-11D3-BF4B-00C04F79EFBC}") = "WPF_08_INotifyPropertyChanged_Interface", "WPF_08_INotifyPropertyChanged_Interface\WPF_08_INotifyPropertyChanged_Interface.csproj", "{9587EC52-6C5D-4049-9A66-2AAE1C1358A6}"
EndProject
Project("{FAE04EC0-301F-11D3-BF4B-00C04F79EFBC}") = "WPF_09_ListBox_ListCurrentMatches", "WPF_09_ListBox_ListCurrentMatches\WPF_09_ListBox_ListCurrentMatches.csproj", "{7C3D6143-E5B3-4228-B7D3-8AB9036B73CB}"
EndProject
Project("{FAE04EC0-301F-11D3-BF4B-00C04F79EFBC}") = "WPF_10_ComboBox", "WPF_10_ComboBox\WPF_10_ComboBox.csproj", "{994DCCDE-02A6-4AF4-81D0-DC68585B7027}"
EndProject
Project("{FAE04EC0-301F-11D3-BF4B-00C04F79EFBC}") = "WPF_11_CheckBox", "WPF_11_CheckBox\WPF_11_CheckBox.csproj", "{3438CA0A-800A-449B-B64D-6523EA7E8D96}"
EndProject
Project("{FAE04EC0-301F-11D3-BF4B-00C04F79EFBC}") = "WPF_12_ToolTip", "WPF_12_ToolTip\WPF_12_ToolTip.csproj", "{D2E2BD13-9544-4AD2-8160-D2DFBE096FF7}"
EndProject
Project("{FAE04EC0-301F-11D3-BF4B-00C04F79EFBC}") = "WPF_13_RadioButtons", "WPF_13_RadioButtons\WPF_13_RadioButtons.csproj", "{8E1485BA-2BF6-4D8D-A398-2E8D54294DFB}"
EndProject
Project("{FAE04EC0-301F-11D3-BF4B-00C04F79EFBC}") = "WPF_14_Property_Data_EventTrigger", "WPF_14_Property_Data_EventTrigger\WPF_14_Property_Data_EventTrigger.csproj", "{EE76D606-7205-4371-954B-241CA90AAD8F}"
EndProject
Project("{FAE04EC0-301F-11D3-BF4B-00C04F79EFBC}") = "WPF_15_PasswordBox", "WPF_15_PasswordBox\WPF_15_PasswordBox.csproj", "{8A872A62-211D-4E15-A0F3-3FDE91B8E86E}"
EndProject
Global
	GlobalSection(SolutionConfigurationPlatforms) = preSolution
		Debug|Any CPU = Debug|Any CPU
		Release|Any CPU = Release|Any CPU
	EndGlobalSection
	GlobalSection(ProjectConfigurationPlatforms) = postSolution
		{D02A6632-E339-4796-AECF-3E4A39F16E27}.Debug|Any CPU.ActiveCfg = Debug|Any CPU
		{D02A6632-E339-4796-AECF-3E4A39F16E27}.Debug|Any CPU.Build.0 = Debug|Any CPU
		{D02A6632-E339-4796-AECF-3E4A39F16E27}.Release|Any CPU.ActiveCfg = Release|Any CPU
		{D02A6632-E339-4796-AECF-3E4A39F16E27}.Release|Any CPU.Build.0 = Release|Any CPU
		{99CE593E-5617-4A7A-884E-9C3A5AE2326B}.Debug|Any CPU.ActiveCfg = Debug|Any CPU
		{99CE593E-5617-4A7A-884E-9C3A5AE2326B}.Debug|Any CPU.Build.0 = Debug|Any CPU
		{99CE593E-5617-4A7A-884E-9C3A5AE2326B}.Release|Any CPU.ActiveCfg = Release|Any CPU
		{99CE593E-5617-4A7A-884E-9C3A5AE2326B}.Release|Any CPU.Build.0 = Release|Any CPU
		{F246D7A4-3F0C-4D51-98E4-C8BD14C07844}.Debug|Any CPU.ActiveCfg = Debug|Any CPU
		{F246D7A4-3F0C-4D51-98E4-C8BD14C07844}.Debug|Any CPU.Build.0 = Debug|Any CPU
		{F246D7A4-3F0C-4D51-98E4-C8BD14C07844}.Release|Any CPU.ActiveCfg = Release|Any CPU
		{F246D7A4-3F0C-4D51-98E4-C8BD14C07844}.Release|Any CPU.Build.0 = Release|Any CPU
		{05774FCE-32CF-4A55-A86B-7B9451F018DF}.Debug|Any CPU.ActiveCfg = Debug|Any CPU
		{05774FCE-32CF-4A55-A86B-7B9451F018DF}.Debug|Any CPU.Build.0 = Debug|Any CPU
		{05774FCE-32CF-4A55-A86B-7B9451F018DF}.Release|Any CPU.ActiveCfg = Release|Any CPU
		{05774FCE-32CF-4A55-A86B-7B9451F018DF}.Release|Any CPU.Build.0 = Release|Any CPU
		{2957293F-7680-4755-938C-43ECAD7E0B47}.Debug|Any CPU.ActiveCfg = Debug|Any CPU
		{2957293F-7680-4755-938C-43ECAD7E0B47}.Debug|Any CPU.Build.0 = Debug|Any CPU
		{2957293F-7680-4755-938C-43ECAD7E0B47}.Release|Any CPU.ActiveCfg = Release|Any CPU
		{2957293F-7680-4755-938C-43ECAD7E0B47}.Release|Any CPU.Build.0 = Release|Any CPU
		{1F8683FC-B7C8-4189-A50B-68C53F8F8F8F}.Debug|Any CPU.ActiveCfg = Debug|Any CPU
		{1F8683FC-B7C8-4189-A50B-68C53F8F8F8F}.Debug|Any CPU.Build.0 = Debug|Any CPU
		{1F8683FC-B7C8-4189-A50B-68C53F8F8F8F}.Release|Any CPU.ActiveCfg = Release|Any CPU
		{1F8683FC-B7C8-4189-A50B-68C53F8F8F8F}.Release|Any CPU.Build.0 = Release|Any CPU
		{0386F1BC-9BB8-43D7-B774-4D792D3082C3}.Debug|Any CPU.ActiveCfg = Debug|Any CPU
		{0386F1BC-9BB8-43D7-B774-4D792D3082C3}.Debug|Any CPU.Build.0 = Debug|Any CPU
		{0386F1BC-9BB8-43D7-B774-4D792D3082C3}.Release|Any CPU.ActiveCfg = Release|Any CPU
		{0386F1BC-9BB8-43D7-B774-4D792D3082C3}.Release|Any CPU.Build.0 = Release|Any CPU
		{9587EC52-6C5D-4049-9A66-2AAE1C1358A6}.Debug|Any CPU.ActiveCfg = Debug|Any CPU
		{9587EC52-6C5D-4049-9A66-2AAE1C1358A6}.Debug|Any CPU.Build.0 = Debug|Any CPU
		{9587EC52-6C5D-4049-9A66-2AAE1C1358A6}.Release|Any CPU.ActiveCfg = Release|Any CPU
		{9587EC52-6C5D-4049-9A66-2AAE1C1358A6}.Release|Any CPU.Build.0 = Release|Any CPU
		{7C3D6143-E5B3-4228-B7D3-8AB9036B73CB}.Debug|Any CPU.ActiveCfg = Debug|Any CPU
		{7C3D6143-E5B3-4228-B7D3-8AB9036B73CB}.Debug|Any CPU.Build.0 = Debug|Any CPU
		{7C3D6143-E5B3-4228-B7D3-8AB9036B73CB}.Release|Any CPU.ActiveCfg = Release|Any CPU
		{7C3D6143-E5B3-4228-B7D3-8AB9036B73CB}.Release|Any CPU.Build.0 = Release|Any CPU
		{994DCCDE-02A6-4AF4-81D0-DC68585B7027}.Debug|Any CPU.ActiveCfg = Debug|Any CPU
		{994DCCDE-02A6-4AF4-81D0-DC68585B7027}.Debug|Any CPU.Build.0 = Debug|Any CPU
		{994DCCDE-02A6-4AF4-81D0-DC68585B7027}.Release|Any CPU.ActiveCfg = Release|Any CPU
		{994DCCDE-02A6-4AF4-81D0-DC68585B7027}.Release|Any CPU.Build.0 = Release|Any CPU
		{3438CA0A-800A-449B-B64D-6523EA7E8D96}.Debug|Any CPU.ActiveCfg = Debug|Any CPU
		{3438CA0A-800A-449B-B64D-6523EA7E8D96}.Debug|Any CPU.Build.0 = Debug|Any CPU
		{3438CA0A-800A-449B-B64D-6523EA7E8D96}.Release|Any CPU.ActiveCfg = Release|Any CPU
		{3438CA0A-800A-449B-B64D-6523EA7E8D96}.Release|Any CPU.Build.0 = Release|Any CPU
		{D2E2BD13-9544-4AD2-8160-D2DFBE096FF7}.Debug|Any CPU.ActiveCfg = Debug|Any CPU
		{D2E2BD13-9544-4AD2-8160-D2DFBE096FF7}.Debug|Any CPU.Build.0 = Debug|Any CPU
		{D2E2BD13-9544-4AD2-8160-D2DFBE096FF7}.Release|Any CPU.ActiveCfg = Release|Any CPU
		{D2E2BD13-9544-4AD2-8160-D2DFBE096FF7}.Release|Any CPU.Build.0 = Release|Any CPU
		{8E1485BA-2BF6-4D8D-A398-2E8D54294DFB}.Debug|Any CPU.ActiveCfg = Debug|Any CPU
		{8E1485BA-2BF6-4D8D-A398-2E8D54294DFB}.Debug|Any CPU.Build.0 = Debug|Any CPU
		{8E1485BA-2BF6-4D8D-A398-2E8D54294DFB}.Release|Any CPU.ActiveCfg = Release|Any CPU
		{8E1485BA-2BF6-4D8D-A398-2E8D54294DFB}.Release|Any CPU.Build.0 = Release|Any CPU
		{EE76D606-7205-4371-954B-241CA90AAD8F}.Debug|Any CPU.ActiveCfg = Debug|Any CPU
		{EE76D606-7205-4371-954B-241CA90AAD8F}.Debug|Any CPU.Build.0 = Debug|Any CPU
		{EE76D606-7205-4371-954B-241CA90AAD8F}.Release|Any CPU.ActiveCfg = Release|Any CPU
		{EE76D606-7205-4371-954B-241CA90AAD8F}.Release|Any CPU.Build.0 = Release|Any CPU
		{8A872A62-211D-4E15-A0F3-3FDE91B8E86E}.Debug|Any CPU.ActiveCfg = Debug|Any CPU
		{8A872A62-211D-4E15-A0F3-3FDE91B8E86E}.Debug|Any CPU.Build.0 = Debug|Any CPU
		{8A872A62-211D-4E15-A0F3-3FDE91B8E86E}.Release|Any CPU.ActiveCfg = Release|Any CPU
		{8A872A62-211D-4E15-A0F3-3FDE91B8E86E}.Release|Any CPU.Build.0 = Release|Any CPU
	EndGlobalSection
	GlobalSection(SolutionProperties) = preSolution
		HideSolutionNode = FALSE
	EndGlobalSection
	GlobalSection(ExtensibilityGlobals) = postSolution
		SolutionGuid = {F785BC3D-2F09-4CD4-B3AB-C129900D3585}
	EndGlobalSection
EndGlobal
